
Microsoft Visual Studio Solution File, Format Version 12.00
# Visual Studio Version 17
VisualStudioVersion = 17.8.34525.116
MinimumVisualStudioVersion = 10.0.40219.1
Project("{FAE04EC0-301F-11D3-BF4B-00C04F79EFBC}") = "CRM-Concepts-Api", "CRM-Concepts-Api\CRM-Concepts-Api.csproj", "{11485859-06DE-42D5-95C0-F3B3B392C2B2}"
EndProject
Global
	GlobalSection(SolutionConfigurationPlatforms) = preSolution
		Debug|Any CPU = Debug|Any CPU
		Release|Any CPU = Release|Any CPU
	EndGlobalSection
	GlobalSection(ProjectConfigurationPlatforms) = postSolution
		{11485859-06DE-42D5-95C0-F3B3B392C2B2}.Debug|Any CPU.ActiveCfg = Debug|Any CPU
		{11485859-06DE-42D5-95C0-F3B3B392C2B2}.Debug|Any CPU.Build.0 = Debug|Any CPU
		{11485859-06DE-42D5-95C0-F3B3B392C2B2}.Release|Any CPU.ActiveCfg = Release|Any CPU
		{11485859-06DE-42D5-95C0-F3B3B392C2B2}.Release|Any CPU.Build.0 = Release|Any CPU
	EndGlobalSection
	GlobalSection(SolutionProperties) = preSolution
		HideSolutionNode = FALSE
	EndGlobalSection
	GlobalSection(ExtensibilityGlobals) = postSolution
		SolutionGuid = {C479C01F-A1C9-4BBC-8979-30A8E02DF1C0}
	EndGlobalSection
EndGlobal
